// !$*UTF8*$!
{
	archiveVersion = 1;
	classes = {
	};
	objectVersion = 56;
	objects = {

/* Begin PBXFileReference section */
		C842230D2A52A93A00F145A7 /* gen_ssl.sh */ = {isa = PBXFileReference; lastKnownFileType = text.script.sh; path = gen_ssl.sh; sourceTree = "<group>"; };
		C8473C4B2A5456FD004681B4 /* MQTTReasonCodes.h */ = {isa = PBXFileReference; lastKnownFileType = sourcecode.c.h; path = MQTTReasonCodes.h; sourceTree = "<group>"; };
		C8473C4C2A5456FD004681B4 /* Clients.h */ = {isa = PBXFileReference; lastKnownFileType = sourcecode.c.h; path = Clients.h; sourceTree = "<group>"; };
		C8473C4D2A5456FD004681B4 /* Messages.h */ = {isa = PBXFileReference; lastKnownFileType = sourcecode.c.h; path = Messages.h; sourceTree = "<group>"; };
		C8473C4E2A5456FD004681B4 /* MQTTPacket.h */ = {isa = PBXFileReference; lastKnownFileType = sourcecode.c.h; path = MQTTPacket.h; sourceTree = "<group>"; };
		C8473C4F2A5456FD004681B4 /* StackTrace.h */ = {isa = PBXFileReference; lastKnownFileType = sourcecode.c.h; path = StackTrace.h; sourceTree = "<group>"; };
		C8473C502A5456FD004681B4 /* Base64.h */ = {isa = PBXFileReference; lastKnownFileType = sourcecode.c.h; path = Base64.h; sourceTree = "<group>"; };
		C8473C512A5456FD004681B4 /* MQTTPersistence.h */ = {isa = PBXFileReference; lastKnownFileType = sourcecode.c.h; path = MQTTPersistence.h; sourceTree = "<group>"; };
		C8473C522A5456FD004681B4 /* MQTTPacketOut.h */ = {isa = PBXFileReference; lastKnownFileType = sourcecode.c.h; path = MQTTPacketOut.h; sourceTree = "<group>"; };
		C8473C532A5456FD004681B4 /* WebSocket.h */ = {isa = PBXFileReference; lastKnownFileType = sourcecode.c.h; path = WebSocket.h; sourceTree = "<group>"; };
		C8473C542A5456FD004681B4 /* MQTTExportDeclarations.h */ = {isa = PBXFileReference; lastKnownFileType = sourcecode.c.h; path = MQTTExportDeclarations.h; sourceTree = "<group>"; };
		C8473C552A5456FD004681B4 /* libpaho-mqtt3as.a */ = {isa = PBXFileReference; lastKnownFileType = archive.ar; path = "libpaho-mqtt3as.a"; sourceTree = "<group>"; };
		C8473C562A5456FD004681B4 /* libpaho-mqtt3a.a */ = {isa = PBXFileReference; lastKnownFileType = archive.ar; path = "libpaho-mqtt3a.a"; sourceTree = "<group>"; };
		C8473C572A5456FD004681B4 /* LinkedList.h */ = {isa = PBXFileReference; lastKnownFileType = sourcecode.c.h; path = LinkedList.h; sourceTree = "<group>"; };
		C8473C582A5456FD004681B4 /* MQTTPersistenceDefault.h */ = {isa = PBXFileReference; lastKnownFileType = sourcecode.c.h; path = MQTTPersistenceDefault.h; sourceTree = "<group>"; };
		C8473C592A5456FD004681B4 /* Tree.h */ = {isa = PBXFileReference; lastKnownFileType = sourcecode.c.h; path = Tree.h; sourceTree = "<group>"; };
		C8473C5A2A5456FD004681B4 /* MQTTProtocolOut.h */ = {isa = PBXFileReference; lastKnownFileType = sourcecode.c.h; path = MQTTProtocolOut.h; sourceTree = "<group>"; };
		C8473C5B2A5456FD004681B4 /* mutex_type.h */ = {isa = PBXFileReference; lastKnownFileType = sourcecode.c.h; path = mutex_type.h; sourceTree = "<group>"; };
		C8473C5C2A5456FD004681B4 /* libPahoC.h */ = {isa = PBXFileReference; lastKnownFileType = sourcecode.c.h; path = libPahoC.h; sourceTree = "<group>"; };
		C8473C5D2A5456FD004681B4 /* MQTTSubscribeOpts.h */ = {isa = PBXFileReference; lastKnownFileType = sourcecode.c.h; path = MQTTSubscribeOpts.h; sourceTree = "<group>"; };
		C8473C5E2A5456FD004681B4 /* libpaho-mqtt3cs.a */ = {isa = PBXFileReference; lastKnownFileType = archive.ar; path = "libpaho-mqtt3cs.a"; sourceTree = "<group>"; };
		C8473C5F2A5456FD004681B4 /* SSLSocket.h */ = {isa = PBXFileReference; lastKnownFileType = sourcecode.c.h; path = SSLSocket.h; sourceTree = "<group>"; };
		C8473C602A5456FD004681B4 /* Thread.h */ = {isa = PBXFileReference; lastKnownFileType = sourcecode.c.h; path = Thread.h; sourceTree = "<group>"; };
		C8473C612A5456FD004681B4 /* MQTTClient.h */ = {isa = PBXFileReference; lastKnownFileType = sourcecode.c.h; path = MQTTClient.h; sourceTree = "<group>"; };
		C8473C622A5456FD004681B4 /* MQTTAsyncUtils.h */ = {isa = PBXFileReference; lastKnownFileType = sourcecode.c.h; path = MQTTAsyncUtils.h; sourceTree = "<group>"; };
		C8473C632A5456FD004681B4 /* MQTTProtocolClient.h */ = {isa = PBXFileReference; lastKnownFileType = sourcecode.c.h; path = MQTTProtocolClient.h; sourceTree = "<group>"; };
		C8473C642A5456FD004681B4 /* Proxy.h */ = {isa = PBXFileReference; lastKnownFileType = sourcecode.c.h; path = Proxy.h; sourceTree = "<group>"; };
		C8473C652A5456FD004681B4 /* Log.h */ = {isa = PBXFileReference; lastKnownFileType = sourcecode.c.h; path = Log.h; sourceTree = "<group>"; };
		C8473C662A5456FD004681B4 /* SocketBuffer.h */ = {isa = PBXFileReference; lastKnownFileType = sourcecode.c.h; path = SocketBuffer.h; sourceTree = "<group>"; };
		C8473C672A5456FD004681B4 /* Heap.h */ = {isa = PBXFileReference; lastKnownFileType = sourcecode.c.h; path = Heap.h; sourceTree = "<group>"; };
		C8473C682A5456FD004681B4 /* SHA1.h */ = {isa = PBXFileReference; lastKnownFileType = sourcecode.c.h; path = SHA1.h; sourceTree = "<group>"; };
		C8473C692A5456FD004681B4 /* MQTTClientPersistence.h */ = {isa = PBXFileReference; lastKnownFileType = sourcecode.c.h; path = MQTTClientPersistence.h; sourceTree = "<group>"; };
		C8473C6A2A5456FD004681B4 /* libpaho-mqtt3c.a */ = {isa = PBXFileReference; lastKnownFileType = archive.ar; path = "libpaho-mqtt3c.a"; sourceTree = "<group>"; };
		C8473C6B2A5456FD004681B4 /* utf-8.h */ = {isa = PBXFileReference; lastKnownFileType = sourcecode.c.h; path = "utf-8.h"; sourceTree = "<group>"; };
		C8473C6C2A5456FD004681B4 /* MQTTProtocol.h */ = {isa = PBXFileReference; lastKnownFileType = sourcecode.c.h; path = MQTTProtocol.h; sourceTree = "<group>"; };
		C8473C6D2A5456FD004681B4 /* MQTTTime.h */ = {isa = PBXFileReference; lastKnownFileType = sourcecode.c.h; path = MQTTTime.h; sourceTree = "<group>"; };
		C8473C6E2A5456FD004681B4 /* MQTTProperties.h */ = {isa = PBXFileReference; lastKnownFileType = sourcecode.c.h; path = MQTTProperties.h; sourceTree = "<group>"; };
		C8473C6F2A5456FD004681B4 /* Socket.h */ = {isa = PBXFileReference; lastKnownFileType = sourcecode.c.h; path = Socket.h; sourceTree = "<group>"; };
		C8473C702A5456FD004681B4 /* MQTTAsync.h */ = {isa = PBXFileReference; lastKnownFileType = sourcecode.c.h; path = MQTTAsync.h; sourceTree = "<group>"; };
		C8473C712A5456FD004681B4 /* OsWrapper.h */ = {isa = PBXFileReference; lastKnownFileType = sourcecode.c.h; path = OsWrapper.h; sourceTree = "<group>"; };
		C8473C722A55121B004681B4 /* openssl-3.1.1.tar.gz */ = {isa = PBXFileReference; lastKnownFileType = archive.gzip; path = "openssl-3.1.1.tar.gz"; sourceTree = "<group>"; };
		C8473C762A5516CC004681B4 /* pem2.h */ = {isa = PBXFileReference; lastKnownFileType = sourcecode.c.h; path = pem2.h; sourceTree = "<group>"; };
		C8473C772A5516CC004681B4 /* kdf.h */ = {isa = PBXFileReference; lastKnownFileType = sourcecode.c.h; path = kdf.h; sourceTree = "<group>"; };
		C8473C782A5516CC004681B4 /* pem.h */ = {isa = PBXFileReference; lastKnownFileType = sourcecode.c.h; path = pem.h; sourceTree = "<group>"; };
		C8473C792A5516CC004681B4 /* asyncerr.h */ = {isa = PBXFileReference; lastKnownFileType = sourcecode.c.h; path = asyncerr.h; sourceTree = "<group>"; };
		C8473C7A2A5516CC004681B4 /* md2.h */ = {isa = PBXFileReference; lastKnownFileType = sourcecode.c.h; path = md2.h; sourceTree = "<group>"; };
		C8473C7B2A5516CC004681B4 /* ssl3.h */ = {isa = PBXFileReference; lastKnownFileType = sourcecode.c.h; path = ssl3.h; sourceTree = "<group>"; };
		C8473C7C2A5516CC004681B4 /* ossl_typ.h */ = {isa = PBXFileReference; lastKnownFileType = sourcecode.c.h; path = ossl_typ.h; sourceTree = "<group>"; };
		C8473C7D2A5516CC004681B4 /* dtls1.h */ = {isa = PBXFileReference; lastKnownFileType = sourcecode.c.h; path = dtls1.h; sourceTree = "<group>"; };
		C8473C7E2A5516CC004681B4 /* err.h */ = {isa = PBXFileReference; lastKnownFileType = sourcecode.c.h; path = err.h; sourceTree = "<group>"; };
		C8473C7F2A5516CC004681B4 /* bn.h */ = {isa = PBXFileReference; lastKnownFileType = sourcecode.c.h; path = bn.h; sourceTree = "<group>"; };
		C8473C802A5516CC004681B4 /* blowfish.h */ = {isa = PBXFileReference; lastKnownFileType = sourcecode.c.h; path = blowfish.h; sourceTree = "<group>"; };
		C8473C812A5516CC004681B4 /* cms.h */ = {isa = PBXFileReference; lastKnownFileType = sourcecode.c.h; path = cms.h; sourceTree = "<group>"; };
		C8473C822A5516CC004681B4 /* engine.h */ = {isa = PBXFileReference; lastKnownFileType = sourcecode.c.h; path = engine.h; sourceTree = "<group>"; };
		C8473C832A5516CC004681B4 /* conf_api.h */ = {isa = PBXFileReference; lastKnownFileType = sourcecode.c.h; path = conf_api.h; sourceTree = "<group>"; };
		C8473C842A5516CC004681B4 /* esserr.h */ = {isa = PBXFileReference; lastKnownFileType = sourcecode.c.h; path = esserr.h; sourceTree = "<group>"; };
		C8473C852A5516CC004681B4 /* core.h */ = {isa = PBXFileReference; lastKnownFileType = sourcecode.c.h; path = core.h; sourceTree = "<group>"; };
		C8473C862A5516CC004681B4 /* x509.h */ = {isa = PBXFileReference; lastKnownFileType = sourcecode.c.h; path = x509.h; sourceTree = "<group>"; };
		C8473C872A5516CC004681B4 /* asn1_mac.h */ = {isa = PBXFileReference; lastKnownFileType = sourcecode.c.h; path = asn1_mac.h; sourceTree = "<group>"; };
		C8473C882A5516CC004681B4 /* objectserr.h */ = {isa = PBXFileReference; lastKnownFileType = sourcecode.c.h; path = objectserr.h; sourceTree = "<group>"; };
		C8473C892A5516CC004681B4 /* params.h */ = {isa = PBXFileReference; lastKnownFileType = sourcecode.c.h; path = params.h; sourceTree = "<group>"; };
		C8473C8A2A5516CC004681B4 /* cmserr.h */ = {isa = PBXFileReference; lastKnownFileType = sourcecode.c.h; path = cmserr.h; sourceTree = "<group>"; };
		C8473C8B2A5516CC004681B4 /* http.h */ = {isa = PBXFileReference; lastKnownFileType = sourcecode.c.h; path = http.h; sourceTree = "<group>"; };
		C8473C8C2A5516CC004681B4 /* ui.h */ = {isa = PBXFileReference; lastKnownFileType = sourcecode.c.h; path = ui.h; sourceTree = "<group>"; };
		C8473C8D2A5516CC004681B4 /* sha.h */ = {isa = PBXFileReference; lastKnownFileType = sourcecode.c.h; path = sha.h; sourceTree = "<group>"; };
		C8473C8E2A5516CC004681B4 /* symhacks.h */ = {isa = PBXFileReference; lastKnownFileType = sourcecode.c.h; path = symhacks.h; sourceTree = "<group>"; };
		C8473C8F2A5516CC004681B4 /* asn1.h */ = {isa = PBXFileReference; lastKnownFileType = sourcecode.c.h; path = asn1.h; sourceTree = "<group>"; };
		C8473C902A5516CC004681B4 /* bioerr.h */ = {isa = PBXFileReference; lastKnownFileType = sourcecode.c.h; path = bioerr.h; sourceTree = "<group>"; };
		C8473C912A5516CC004681B4 /* opensslconf.h */ = {isa = PBXFileReference; lastKnownFileType = sourcecode.c.h; path = opensslconf.h; sourceTree = "<group>"; };
		C8473C922A5516CC004681B4 /* bio.h */ = {isa = PBXFileReference; lastKnownFileType = sourcecode.c.h; path = bio.h; sourceTree = "<group>"; };
		C8473C932A5516CC004681B4 /* rc2.h */ = {isa = PBXFileReference; lastKnownFileType = sourcecode.c.h; path = rc2.h; sourceTree = "<group>"; };
		C8473C942A5516CC004681B4 /* types.h */ = {isa = PBXFileReference; lastKnownFileType = sourcecode.c.h; path = types.h; sourceTree = "<group>"; };
		C8473C952A5516CC004681B4 /* dh.h */ = {isa = PBXFileReference; lastKnownFileType = sourcecode.c.h; path = dh.h; sourceTree = "<group>"; };
		C8473C962A5516CC004681B4 /* cryptoerr_legacy.h */ = {isa = PBXFileReference; lastKnownFileType = sourcecode.c.h; path = cryptoerr_legacy.h; sourceTree = "<group>"; };
		C8473C972A5516CC004681B4 /* proverr.h */ = {isa = PBXFileReference; lastKnownFileType = sourcecode.c.h; path = proverr.h; sourceTree = "<group>"; };
		C8473C982A5516CC004681B4 /* x509v3.h */ = {isa = PBXFileReference; lastKnownFileType = sourcecode.c.h; path = x509v3.h; sourceTree = "<group>"; };
		C8473C992A5516CC004681B4 /* core_object.h */ = {isa = PBXFileReference; lastKnownFileType = sourcecode.c.h; path = core_object.h; sourceTree = "<group>"; };
		C8473C9A2A5516CC004681B4 /* decodererr.h */ = {isa = PBXFileReference; lastKnownFileType = sourcecode.c.h; path = decodererr.h; sourceTree = "<group>"; };
		C8473C9B2A5516CC004681B4 /* param_build.h */ = {isa = PBXFileReference; lastKnownFileType = sourcecode.c.h; path = param_build.h; sourceTree = "<group>"; };
		C8473C9C2A5516CC004681B4 /* conf.h */ = {isa = PBXFileReference; lastKnownFileType = sourcecode.c.h; path = conf.h; sourceTree = "<group>"; };
		C8473C9D2A5516CC004681B4 /* conftypes.h */ = {isa = PBXFileReference; lastKnownFileType = sourcecode.c.h; path = conftypes.h; sourceTree = "<group>"; };
		C8473C9E2A5516CC004681B4 /* md5.h */ = {isa = PBXFileReference; lastKnownFileType = sourcecode.c.h; path = md5.h; sourceTree = "<group>"; };
		C8473C9F2A5516CC004681B4 /* decoder.h */ = {isa = PBXFileReference; lastKnownFileType = sourcecode.c.h; path = decoder.h; sourceTree = "<group>"; };
		C8473CA02A5516CC004681B4 /* pemerr.h */ = {isa = PBXFileReference; lastKnownFileType = sourcecode.c.h; path = pemerr.h; sourceTree = "<group>"; };
		C8473CA12A5516CC004681B4 /* crmferr.h */ = {isa = PBXFileReference; lastKnownFileType = sourcecode.c.h; path = crmferr.h; sourceTree = "<group>"; };
		C8473CA22A5516CC004681B4 /* x509_vfy.h */ = {isa = PBXFileReference; lastKnownFileType = sourcecode.c.h; path = x509_vfy.h; sourceTree = "<group>"; };
		C8473CA32A5516CC004681B4 /* txt_db.h */ = {isa = PBXFileReference; lastKnownFileType = sourcecode.c.h; path = txt_db.h; sourceTree = "<group>"; };
		C8473CA42A5516CC004681B4 /* cmp.h */ = {isa = PBXFileReference; lastKnownFileType = sourcecode.c.h; path = cmp.h; sourceTree = "<group>"; };
		C8473CA52A5516CC004681B4 /* comperr.h */ = {isa = PBXFileReference; lastKnownFileType = sourcecode.c.h; path = comperr.h; sourceTree = "<group>"; };
		C8473CA62A5516CC004681B4 /* cterr.h */ = {isa = PBXFileReference; lastKnownFileType = sourcecode.c.h; path = cterr.h; sourceTree = "<group>"; };
		C8473CA72A5516CC004681B4 /* self_test.h */ = {isa = PBXFileReference; lastKnownFileType = sourcecode.c.h; path = self_test.h; sourceTree = "<group>"; };
		C8473CA82A5516CC004681B4 /* safestack.h */ = {isa = PBXFileReference; lastKnownFileType = sourcecode.c.h; path = safestack.h; sourceTree = "<group>"; };
		C8473CA92A5516CC004681B4 /* configuration.h */ = {isa = PBXFileReference; lastKnownFileType = sourcecode.c.h; path = configuration.h; sourceTree = "<group>"; };
		C8473CAA2A5516CC004681B4 /* fips_names.h */ = {isa = PBXFileReference; lastKnownFileType = sourcecode.c.h; path = fips_names.h; sourceTree = "<group>"; };
		C8473CAB2A5516CC004681B4 /* ecdsa.h */ = {isa = PBXFileReference; lastKnownFileType = sourcecode.c.h; path = ecdsa.h; sourceTree = "<group>"; };
		C8473CAC2A5516CC004681B4 /* sslerr.h */ = {isa = PBXFileReference; lastKnownFileType = sourcecode.c.h; path = sslerr.h; sourceTree = "<group>"; };
		C8473CAD2A5516CC004681B4 /* prov_ssl.h */ = {isa = PBXFileReference; lastKnownFileType = sourcecode.c.h; path = prov_ssl.h; sourceTree = "<group>"; };
		C8473CAE2A5516CC004681B4 /* fipskey.h */ = {isa = PBXFileReference; lastKnownFileType = sourcecode.c.h; path = fipskey.h; sourceTree = "<group>"; };
		C8473CAF2A5516CC004681B4 /* rc5.h */ = {isa = PBXFileReference; lastKnownFileType = sourcecode.c.h; path = rc5.h; sourceTree = "<group>"; };
		C8473CB02A5516CC004681B4 /* uierr.h */ = {isa = PBXFileReference; lastKnownFileType = sourcecode.c.h; path = uierr.h; sourceTree = "<group>"; };
		C8473CB12A5516CC004681B4 /* x509v3err.h */ = {isa = PBXFileReference; lastKnownFileType = sourcecode.c.h; path = x509v3err.h; sourceTree = "<group>"; };
		C8473CB22A5516CC004681B4 /* objects.h */ = {isa = PBXFileReference; lastKnownFileType = sourcecode.c.h; path = objects.h; sourceTree = "<group>"; };
		C8473CB32A5516CC004681B4 /* pkcs12.h */ = {isa = PBXFileReference; lastKnownFileType = sourcecode.c.h; path = pkcs12.h; sourceTree = "<group>"; };
		C8473CB42A5516CC004681B4 /* crypto.h */ = {isa = PBXFileReference; lastKnownFileType = sourcecode.c.h; path = crypto.h; sourceTree = "<group>"; };
		C8473CB52A5516CC004681B4 /* crmf.h */ = {isa = PBXFileReference; lastKnownFileType = sourcecode.c.h; path = crmf.h; sourceTree = "<group>"; };
		C8473CB62A5516CC004681B4 /* cmp_util.h */ = {isa = PBXFileReference; lastKnownFileType = sourcecode.c.h; path = cmp_util.h; sourceTree = "<group>"; };
		C8473CB72A5516CC004681B4 /* opensslv.h */ = {isa = PBXFileReference; lastKnownFileType = sourcecode.c.h; path = opensslv.h; sourceTree = "<group>"; };
		C8473CB82A5516CC004681B4 /* evperr.h */ = {isa = PBXFileReference; lastKnownFileType = sourcecode.c.h; path = evperr.h; sourceTree = "<group>"; };
		C8473CB92A5516CC004681B4 /* pkcs7.h */ = {isa = PBXFileReference; lastKnownFileType = sourcecode.c.h; path = pkcs7.h; sourceTree = "<group>"; };
		C8473CBA2A5516CC004681B4 /* obj_mac.h */ = {isa = PBXFileReference; lastKnownFileType = sourcecode.c.h; path = obj_mac.h; sourceTree = "<group>"; };
		C8473CBB2A5516CC004681B4 /* ct.h */ = {isa = PBXFileReference; lastKnownFileType = sourcecode.c.h; path = ct.h; sourceTree = "<group>"; };
		C8473CBC2A5516CC004681B4 /* async.h */ = {isa = PBXFileReference; lastKnownFileType = sourcecode.c.h; path = async.h; sourceTree = "<group>"; };
		C8473CBD2A5516CC004681B4 /* buffer.h */ = {isa = PBXFileReference; lastKnownFileType = sourcecode.c.h; path = buffer.h; sourceTree = "<group>"; };
		C8473CBE2A5516CC004681B4 /* ssl.h */ = {isa = PBXFileReference; lastKnownFileType = sourcecode.c.h; path = ssl.h; sourceTree = "<group>"; };
		C8473CBF2A5516CC004681B4 /* srp.h */ = {isa = PBXFileReference; lastKnownFileType = sourcecode.c.h; path = srp.h; sourceTree = "<group>"; };
		C8473CC02A5516CC004681B4 /* camellia.h */ = {isa = PBXFileReference; lastKnownFileType = sourcecode.c.h; path = camellia.h; sourceTree = "<group>"; };
		C8473CC12A5516CC004681B4 /* httperr.h */ = {isa = PBXFileReference; lastKnownFileType = sourcecode.c.h; path = httperr.h; sourceTree = "<group>"; };
		C8473CC22A5516CC004681B4 /* dherr.h */ = {isa = PBXFileReference; lastKnownFileType = sourcecode.c.h; path = dherr.h; sourceTree = "<group>"; };
		C8473CC32A5516CC004681B4 /* evp.h */ = {isa = PBXFileReference; lastKnownFileType = sourcecode.c.h; path = evp.h; sourceTree = "<group>"; };
		C8473CC42A5516CC004681B4 /* e_os2.h */ = {isa = PBXFileReference; lastKnownFileType = sourcecode.c.h; path = e_os2.h; sourceTree = "<group>"; };
		C8473CC52A5516CC004681B4 /* trace.h */ = {isa = PBXFileReference; lastKnownFileType = sourcecode.c.h; path = trace.h; sourceTree = "<group>"; };
		C8473CC62A5516CC004681B4 /* md4.h */ = {isa = PBXFileReference; lastKnownFileType = sourcecode.c.h; path = md4.h; sourceTree = "<group>"; };
		C8473CC72A5516CC004681B4 /* core_names.h */ = {isa = PBXFileReference; lastKnownFileType = sourcecode.c.h; path = core_names.h; sourceTree = "<group>"; };
		C8473CC82A5516CC004681B4 /* hmac.h */ = {isa = PBXFileReference; lastKnownFileType = sourcecode.c.h; path = hmac.h; sourceTree = "<group>"; };
		C8473CC92A5516CC004681B4 /* provider.h */ = {isa = PBXFileReference; lastKnownFileType = sourcecode.c.h; path = provider.h; sourceTree = "<group>"; };
		C8473CCA2A5516CC004681B4 /* aes.h */ = {isa = PBXFileReference; lastKnownFileType = sourcecode.c.h; path = aes.h; sourceTree = "<group>"; };
		C8473CCB2A5516CC004681B4 /* engineerr.h */ = {isa = PBXFileReference; lastKnownFileType = sourcecode.c.h; path = engineerr.h; sourceTree = "<group>"; };
		C8473CCC2A5516CC004681B4 /* comp.h */ = {isa = PBXFileReference; lastKnownFileType = sourcecode.c.h; path = comp.h; sourceTree = "<group>"; };
		C8473CCD2A5516CC004681B4 /* macros.h */ = {isa = PBXFileReference; lastKnownFileType = sourcecode.c.h; path = macros.h; sourceTree = "<group>"; };
		C8473CCE2A5516CC004681B4 /* pkcs12err.h */ = {isa = PBXFileReference; lastKnownFileType = sourcecode.c.h; path = pkcs12err.h; sourceTree = "<group>"; };
		C8473CCF2A5516CC004681B4 /* encoder.h */ = {isa = PBXFileReference; lastKnownFileType = sourcecode.c.h; path = encoder.h; sourceTree = "<group>"; };
		C8473CD02A5516CC004681B4 /* cast.h */ = {isa = PBXFileReference; lastKnownFileType = sourcecode.c.h; path = cast.h; sourceTree = "<group>"; };
		C8473CD12A5516CC004681B4 /* sslerr_legacy.h */ = {isa = PBXFileReference; lastKnownFileType = sourcecode.c.h; path = sslerr_legacy.h; sourceTree = "<group>"; };
		C8473CD22A5516CC004681B4 /* rc4.h */ = {isa = PBXFileReference; lastKnownFileType = sourcecode.c.h; path = rc4.h; sourceTree = "<group>"; };
		C8473CD32A5516CC004681B4 /* stack.h */ = {isa = PBXFileReference; lastKnownFileType = sourcecode.c.h; path = stack.h; sourceTree = "<group>"; };
		C8473CD42A5516CC004681B4 /* des.h */ = {isa = PBXFileReference; lastKnownFileType = sourcecode.c.h; path = des.h; sourceTree = "<group>"; };
		C8473CD52A5516CC004681B4 /* ocsp.h */ = {isa = PBXFileReference; lastKnownFileType = sourcecode.c.h; path = ocsp.h; sourceTree = "<group>"; };
		C8473CD62A5516CC004681B4 /* ec.h */ = {isa = PBXFileReference; lastKnownFileType = sourcecode.c.h; path = ec.h; sourceTree = "<group>"; };
		C8473CD72A5516CC004681B4 /* ecdh.h */ = {isa = PBXFileReference; lastKnownFileType = sourcecode.c.h; path = ecdh.h; sourceTree = "<group>"; };
		C8473CD82A5516CC004681B4 /* rand.h */ = {isa = PBXFileReference; lastKnownFileType = sourcecode.c.h; path = rand.h; sourceTree = "<group>"; };
		C8473CD92A5516CC004681B4 /* ecerr.h */ = {isa = PBXFileReference; lastKnownFileType = sourcecode.c.h; path = ecerr.h; sourceTree = "<group>"; };
		C8473CDA2A5516CC004681B4 /* ts.h */ = {isa = PBXFileReference; lastKnownFileType = sourcecode.c.h; path = ts.h; sourceTree = "<group>"; };
		C8473CDB2A5516CC004681B4 /* core_dispatch.h */ = {isa = PBXFileReference; lastKnownFileType = sourcecode.c.h; path = core_dispatch.h; sourceTree = "<group>"; };
		C8473CDC2A5516CC004681B4 /* cryptoerr.h */ = {isa = PBXFileReference; lastKnownFileType = sourcecode.c.h; path = cryptoerr.h; sourceTree = "<group>"; };
		C8473CDD2A5516CC004681B4 /* storeerr.h */ = {isa = PBXFileReference; lastKnownFileType = sourcecode.c.h; path = storeerr.h; sourceTree = "<group>"; };
		C8473CDE2A5516CC004681B4 /* buffererr.h */ = {isa = PBXFileReference; lastKnownFileType = sourcecode.c.h; path = buffererr.h; sourceTree = "<group>"; };
		C8473CDF2A5516CC004681B4 /* seed.h */ = {isa = PBXFileReference; lastKnownFileType = sourcecode.c.h; path = seed.h; sourceTree = "<group>"; };
		C8473CE02A5516CC004681B4 /* modes.h */ = {isa = PBXFileReference; lastKnownFileType = sourcecode.c.h; path = modes.h; sourceTree = "<group>"; };
		C8473CE12A5516CC004681B4 /* ssl2.h */ = {isa = PBXFileReference; lastKnownFileType = sourcecode.c.h; path = ssl2.h; sourceTree = "<group>"; };
		C8473CE22A5516CC004681B4 /* tserr.h */ = {isa = PBXFileReference; lastKnownFileType = sourcecode.c.h; path = tserr.h; sourceTree = "<group>"; };
		C8473CE32A5516CC004681B4 /* rsa.h */ = {isa = PBXFileReference; lastKnownFileType = sourcecode.c.h; path = rsa.h; sourceTree = "<group>"; };
		C8473CE42A5516CC004681B4 /* ripemd.h */ = {isa = PBXFileReference; lastKnownFileType = sourcecode.c.h; path = ripemd.h; sourceTree = "<group>"; };
		C8473CE52A5516CC004681B4 /* whrlpool.h */ = {isa = PBXFileReference; lastKnownFileType = sourcecode.c.h; path = whrlpool.h; sourceTree = "<group>"; };
		C8473CE62A5516CC004681B4 /* encodererr.h */ = {isa = PBXFileReference; lastKnownFileType = sourcecode.c.h; path = encodererr.h; sourceTree = "<group>"; };
		C8473CE72A5516CC004681B4 /* cmperr.h */ = {isa = PBXFileReference; lastKnownFileType = sourcecode.c.h; path = cmperr.h; sourceTree = "<group>"; };
		C8473CE82A5516CC004681B4 /* tls1.h */ = {isa = PBXFileReference; lastKnownFileType = sourcecode.c.h; path = tls1.h; sourceTree = "<group>"; };
		C8473CE92A5516CC004681B4 /* rsaerr.h */ = {isa = PBXFileReference; lastKnownFileType = sourcecode.c.h; path = rsaerr.h; sourceTree = "<group>"; };
		C8473CEA2A5516CC004681B4 /* randerr.h */ = {isa = PBXFileReference; lastKnownFileType = sourcecode.c.h; path = randerr.h; sourceTree = "<group>"; };
		C8473CEB2A5516CC004681B4 /* mdc2.h */ = {isa = PBXFileReference; lastKnownFileType = sourcecode.c.h; path = mdc2.h; sourceTree = "<group>"; };
		C8473CEC2A5516CC004681B4 /* ocsperr.h */ = {isa = PBXFileReference; lastKnownFileType = sourcecode.c.h; path = ocsperr.h; sourceTree = "<group>"; };
		C8473CED2A5516CC004681B4 /* x509err.h */ = {isa = PBXFileReference; lastKnownFileType = sourcecode.c.h; path = x509err.h; sourceTree = "<group>"; };
		C8473CEE2A5516CC004681B4 /* pkcs7err.h */ = {isa = PBXFileReference; lastKnownFileType = sourcecode.c.h; path = pkcs7err.h; sourceTree = "<group>"; };
		C8473CEF2A5516CC004681B4 /* dsa.h */ = {isa = PBXFileReference; lastKnownFileType = sourcecode.c.h; path = dsa.h; sourceTree = "<group>"; };
		C8473CF02A5516CC004681B4 /* kdferr.h */ = {isa = PBXFileReference; lastKnownFileType = sourcecode.c.h; path = kdferr.h; sourceTree = "<group>"; };
		C8473CF12A5516CC004681B4 /* srtp.h */ = {isa = PBXFileReference; lastKnownFileType = sourcecode.c.h; path = srtp.h; sourceTree = "<group>"; };
		C8473CF22A5516CC004681B4 /* asn1t.h */ = {isa = PBXFileReference; lastKnownFileType = sourcecode.c.h; path = asn1t.h; sourceTree = "<group>"; };
		C8473CF32A5516CC004681B4 /* dsaerr.h */ = {isa = PBXFileReference; lastKnownFileType = sourcecode.c.h; path = dsaerr.h; sourceTree = "<group>"; };
		C8473CF42A5516CC004681B4 /* bnerr.h */ = {isa = PBXFileReference; lastKnownFileType = sourcecode.c.h; path = bnerr.h; sourceTree = "<group>"; };
		C8473CF52A5516CC004681B4 /* conferr.h */ = {isa = PBXFileReference; lastKnownFileType = sourcecode.c.h; path = conferr.h; sourceTree = "<group>"; };
		C8473CF62A5516CC004681B4 /* cmac.h */ = {isa = PBXFileReference; lastKnownFileType = sourcecode.c.h; path = cmac.h; sourceTree = "<group>"; };
		C8473CF72A5516CC004681B4 /* ebcdic.h */ = {isa = PBXFileReference; lastKnownFileType = sourcecode.c.h; path = ebcdic.h; sourceTree = "<group>"; };
		C8473CF82A5516CC004681B4 /* store.h */ = {isa = PBXFileReference; lastKnownFileType = sourcecode.c.h; path = store.h; sourceTree = "<group>"; };
		C8473CF92A5516CC004681B4 /* idea.h */ = {isa = PBXFileReference; lastKnownFileType = sourcecode.c.h; path = idea.h; sourceTree = "<group>"; };
		C8473CFA2A5516CC004681B4 /* lhash.h */ = {isa = PBXFileReference; lastKnownFileType = sourcecode.c.h; path = lhash.h; sourceTree = "<group>"; };
		C8473CFB2A5516CC004681B4 /* ess.h */ = {isa = PBXFileReference; lastKnownFileType = sourcecode.c.h; path = ess.h; sourceTree = "<group>"; };
		C8473CFC2A5516CC004681B4 /* asn1err.h */ = {isa = PBXFileReference; lastKnownFileType = sourcecode.c.h; path = asn1err.h; sourceTree = "<group>"; };
		C8473CFE2A5516CC004681B4 /* libcrypto.a */ = {isa = PBXFileReference; lastKnownFileType = archive.ar; path = libcrypto.a; sourceTree = "<group>"; };
		C8473CFF2A5516CC004681B4 /* libssl.a */ = {isa = PBXFileReference; lastKnownFileType = archive.ar; path = libssl.a; sourceTree = "<group>"; };
		C877DCE52A5526A600875C41 /* README.md */ = {isa = PBXFileReference; lastKnownFileType = net.daringfireball.markdown; path = README.md; sourceTree = "<group>"; };
		C89FA8A72A4F04ED0025A407 /* generate.sh */ = {isa = PBXFileReference; lastKnownFileType = text.script.sh; path = generate.sh; sourceTree = "<group>"; };
		C89FA92E2A4F1BFC0025A407 /* libPahoC.podspec */ = {isa = PBXFileReference; fileEncoding = 4; lastKnownFileType = text; path = libPahoC.podspec; sourceTree = "<group>"; xcLanguageSpecificationIdentifier = xcode.lang.ruby; };
		C89FA9B32A5079690025A407 /* libPahoC.framework */ = {isa = PBXFileReference; explicitFileType = wrapper.framework; includeInIndex = 0; path = libPahoC.framework; sourceTree = BUILT_PRODUCTS_DIR; };
/* End PBXFileReference section */

/* Begin PBXFrameworksBuildPhase section */
		C89FA9B02A5079690025A407 /* Frameworks */ = {
			isa = PBXFrameworksBuildPhase;
			buildActionMask = 2147483647;
			files = (
			);
			runOnlyForDeploymentPostprocessing = 0;
		};
/* End PBXFrameworksBuildPhase section */

/* Begin PBXGroup section */
		C8473C4A2A5456FD004681B4 /* libPahoC */ = {
			isa = PBXGroup;
			children = (
				C8473C4B2A5456FD004681B4 /* MQTTReasonCodes.h */,
				C8473C4C2A5456FD004681B4 /* Clients.h */,
				C8473C4D2A5456FD004681B4 /* Messages.h */,
				C8473C4E2A5456FD004681B4 /* MQTTPacket.h */,
				C8473C4F2A5456FD004681B4 /* StackTrace.h */,
				C8473C502A5456FD004681B4 /* Base64.h */,
				C8473C512A5456FD004681B4 /* MQTTPersistence.h */,
				C8473C522A5456FD004681B4 /* MQTTPacketOut.h */,
				C8473C532A5456FD004681B4 /* WebSocket.h */,
				C8473C542A5456FD004681B4 /* MQTTExportDeclarations.h */,
				C8473C552A5456FD004681B4 /* libpaho-mqtt3as.a */,
				C8473C562A5456FD004681B4 /* libpaho-mqtt3a.a */,
				C8473C572A5456FD004681B4 /* LinkedList.h */,
				C8473C582A5456FD004681B4 /* MQTTPersistenceDefault.h */,
				C8473C592A5456FD004681B4 /* Tree.h */,
				C8473C5A2A5456FD004681B4 /* MQTTProtocolOut.h */,
				C8473C5B2A5456FD004681B4 /* mutex_type.h */,
				C8473C5C2A5456FD004681B4 /* libPahoC.h */,
				C8473C5D2A5456FD004681B4 /* MQTTSubscribeOpts.h */,
				C8473C5E2A5456FD004681B4 /* libpaho-mqtt3cs.a */,
				C8473C5F2A5456FD004681B4 /* SSLSocket.h */,
				C8473C602A5456FD004681B4 /* Thread.h */,
				C8473C612A5456FD004681B4 /* MQTTClient.h */,
				C8473C622A5456FD004681B4 /* MQTTAsyncUtils.h */,
				C8473C632A5456FD004681B4 /* MQTTProtocolClient.h */,
				C8473C642A5456FD004681B4 /* Proxy.h */,
				C8473C652A5456FD004681B4 /* Log.h */,
				C8473C662A5456FD004681B4 /* SocketBuffer.h */,
				C8473C672A5456FD004681B4 /* Heap.h */,
				C8473C682A5456FD004681B4 /* SHA1.h */,
				C8473C692A5456FD004681B4 /* MQTTClientPersistence.h */,
				C8473C6A2A5456FD004681B4 /* libpaho-mqtt3c.a */,
				C8473C6B2A5456FD004681B4 /* utf-8.h */,
				C8473C6C2A5456FD004681B4 /* MQTTProtocol.h */,
				C8473C6D2A5456FD004681B4 /* MQTTTime.h */,
				C8473C6E2A5456FD004681B4 /* MQTTProperties.h */,
				C8473C6F2A5456FD004681B4 /* Socket.h */,
				C8473C702A5456FD004681B4 /* MQTTAsync.h */,
				C8473C712A5456FD004681B4 /* OsWrapper.h */,
			);
			path = libPahoC;
			sourceTree = "<group>";
		};
		C8473C732A5516CC004681B4 /* libssl */ = {
			isa = PBXGroup;
			children = (
				C8473C742A5516CC004681B4 /* include */,
				C8473CFD2A5516CC004681B4 /* lib */,
			);
			path = libssl;
			sourceTree = "<group>";
		};
		C8473C742A5516CC004681B4 /* include */ = {
			isa = PBXGroup;
			children = (
				C8473C752A5516CC004681B4 /* openssl */,
			);
			path = include;
			sourceTree = "<group>";
		};
		C8473C752A5516CC004681B4 /* openssl */ = {
			isa = PBXGroup;
			children = (
				C8473C762A5516CC004681B4 /* pem2.h */,
				C8473C772A5516CC004681B4 /* kdf.h */,
				C8473C782A5516CC004681B4 /* pem.h */,
				C8473C792A5516CC004681B4 /* asyncerr.h */,
				C8473C7A2A5516CC004681B4 /* md2.h */,
				C8473C7B2A5516CC004681B4 /* ssl3.h */,
				C8473C7C2A5516CC004681B4 /* ossl_typ.h */,
				C8473C7D2A5516CC004681B4 /* dtls1.h */,
				C8473C7E2A5516CC004681B4 /* err.h */,
				C8473C7F2A5516CC004681B4 /* bn.h */,
				C8473C802A5516CC004681B4 /* blowfish.h */,
				C8473C812A5516CC004681B4 /* cms.h */,
				C8473C822A5516CC004681B4 /* engine.h */,
				C8473C832A5516CC004681B4 /* conf_api.h */,
				C8473C842A5516CC004681B4 /* esserr.h */,
				C8473C852A5516CC004681B4 /* core.h */,
				C8473C862A5516CC004681B4 /* x509.h */,
				C8473C872A5516CC004681B4 /* asn1_mac.h */,
				C8473C882A5516CC004681B4 /* objectserr.h */,
				C8473C892A5516CC004681B4 /* params.h */,
				C8473C8A2A5516CC004681B4 /* cmserr.h */,
				C8473C8B2A5516CC004681B4 /* http.h */,
				C8473C8C2A5516CC004681B4 /* ui.h */,
				C8473C8D2A5516CC004681B4 /* sha.h */,
				C8473C8E2A5516CC004681B4 /* symhacks.h */,
				C8473C8F2A5516CC004681B4 /* asn1.h */,
				C8473C902A5516CC004681B4 /* bioerr.h */,
				C8473C912A5516CC004681B4 /* opensslconf.h */,
				C8473C922A5516CC004681B4 /* bio.h */,
				C8473C932A5516CC004681B4 /* rc2.h */,
				C8473C942A5516CC004681B4 /* types.h */,
				C8473C952A5516CC004681B4 /* dh.h */,
				C8473C962A5516CC004681B4 /* cryptoerr_legacy.h */,
				C8473C972A5516CC004681B4 /* proverr.h */,
				C8473C982A5516CC004681B4 /* x509v3.h */,
				C8473C992A5516CC004681B4 /* core_object.h */,
				C8473C9A2A5516CC004681B4 /* decodererr.h */,
				C8473C9B2A5516CC004681B4 /* param_build.h */,
				C8473C9C2A5516CC004681B4 /* conf.h */,
				C8473C9D2A5516CC004681B4 /* conftypes.h */,
				C8473C9E2A5516CC004681B4 /* md5.h */,
				C8473C9F2A5516CC004681B4 /* decoder.h */,
				C8473CA02A5516CC004681B4 /* pemerr.h */,
				C8473CA12A5516CC004681B4 /* crmferr.h */,
				C8473CA22A5516CC004681B4 /* x509_vfy.h */,
				C8473CA32A5516CC004681B4 /* txt_db.h */,
				C8473CA42A5516CC004681B4 /* cmp.h */,
				C8473CA52A5516CC004681B4 /* comperr.h */,
				C8473CA62A5516CC004681B4 /* cterr.h */,
				C8473CA72A5516CC004681B4 /* self_test.h */,
				C8473CA82A5516CC004681B4 /* safestack.h */,
				C8473CA92A5516CC004681B4 /* configuration.h */,
				C8473CAA2A5516CC004681B4 /* fips_names.h */,
				C8473CAB2A5516CC004681B4 /* ecdsa.h */,
				C8473CAC2A5516CC004681B4 /* sslerr.h */,
				C8473CAD2A5516CC004681B4 /* prov_ssl.h */,
				C8473CAE2A5516CC004681B4 /* fipskey.h */,
				C8473CAF2A5516CC004681B4 /* rc5.h */,
				C8473CB02A5516CC004681B4 /* uierr.h */,
				C8473CB12A5516CC004681B4 /* x509v3err.h */,
				C8473CB22A5516CC004681B4 /* objects.h */,
				C8473CB32A5516CC004681B4 /* pkcs12.h */,
				C8473CB42A5516CC004681B4 /* crypto.h */,
				C8473CB52A5516CC004681B4 /* crmf.h */,
				C8473CB62A5516CC004681B4 /* cmp_util.h */,
				C8473CB72A5516CC004681B4 /* opensslv.h */,
				C8473CB82A5516CC004681B4 /* evperr.h */,
				C8473CB92A5516CC004681B4 /* pkcs7.h */,
				C8473CBA2A5516CC004681B4 /* obj_mac.h */,
				C8473CBB2A5516CC004681B4 /* ct.h */,
				C8473CBC2A5516CC004681B4 /* async.h */,
				C8473CBD2A5516CC004681B4 /* buffer.h */,
				C8473CBE2A5516CC004681B4 /* ssl.h */,
				C8473CBF2A5516CC004681B4 /* srp.h */,
				C8473CC02A5516CC004681B4 /* camellia.h */,
				C8473CC12A5516CC004681B4 /* httperr.h */,
				C8473CC22A5516CC004681B4 /* dherr.h */,
				C8473CC32A5516CC004681B4 /* evp.h */,
				C8473CC42A5516CC004681B4 /* e_os2.h */,
				C8473CC52A5516CC004681B4 /* trace.h */,
				C8473CC62A5516CC004681B4 /* md4.h */,
				C8473CC72A5516CC004681B4 /* core_names.h */,
				C8473CC82A5516CC004681B4 /* hmac.h */,
				C8473CC92A5516CC004681B4 /* provider.h */,
				C8473CCA2A5516CC004681B4 /* aes.h */,
				C8473CCB2A5516CC004681B4 /* engineerr.h */,
				C8473CCC2A5516CC004681B4 /* comp.h */,
				C8473CCD2A5516CC004681B4 /* macros.h */,
				C8473CCE2A5516CC004681B4 /* pkcs12err.h */,
				C8473CCF2A5516CC004681B4 /* encoder.h */,
				C8473CD02A5516CC004681B4 /* cast.h */,
				C8473CD12A5516CC004681B4 /* sslerr_legacy.h */,
				C8473CD22A5516CC004681B4 /* rc4.h */,
				C8473CD32A5516CC004681B4 /* stack.h */,
				C8473CD42A5516CC004681B4 /* des.h */,
				C8473CD52A5516CC004681B4 /* ocsp.h */,
				C8473CD62A5516CC004681B4 /* ec.h */,
				C8473CD72A5516CC004681B4 /* ecdh.h */,
				C8473CD82A5516CC004681B4 /* rand.h */,
				C8473CD92A5516CC004681B4 /* ecerr.h */,
				C8473CDA2A5516CC004681B4 /* ts.h */,
				C8473CDB2A5516CC004681B4 /* core_dispatch.h */,
				C8473CDC2A5516CC004681B4 /* cryptoerr.h */,
				C8473CDD2A5516CC004681B4 /* storeerr.h */,
				C8473CDE2A5516CC004681B4 /* buffererr.h */,
				C8473CDF2A5516CC004681B4 /* seed.h */,
				C8473CE02A5516CC004681B4 /* modes.h */,
				C8473CE12A5516CC004681B4 /* ssl2.h */,
				C8473CE22A5516CC004681B4 /* tserr.h */,
				C8473CE32A5516CC004681B4 /* rsa.h */,
				C8473CE42A5516CC004681B4 /* ripemd.h */,
				C8473CE52A5516CC004681B4 /* whrlpool.h */,
				C8473CE62A5516CC004681B4 /* encodererr.h */,
				C8473CE72A5516CC004681B4 /* cmperr.h */,
				C8473CE82A5516CC004681B4 /* tls1.h */,
				C8473CE92A5516CC004681B4 /* rsaerr.h */,
				C8473CEA2A5516CC004681B4 /* randerr.h */,
				C8473CEB2A5516CC004681B4 /* mdc2.h */,
				C8473CEC2A5516CC004681B4 /* ocsperr.h */,
				C8473CED2A5516CC004681B4 /* x509err.h */,
				C8473CEE2A5516CC004681B4 /* pkcs7err.h */,
				C8473CEF2A5516CC004681B4 /* dsa.h */,
				C8473CF02A5516CC004681B4 /* kdferr.h */,
				C8473CF12A5516CC004681B4 /* srtp.h */,
				C8473CF22A5516CC004681B4 /* asn1t.h */,
				C8473CF32A5516CC004681B4 /* dsaerr.h */,
				C8473CF42A5516CC004681B4 /* bnerr.h */,
				C8473CF52A5516CC004681B4 /* conferr.h */,
				C8473CF62A5516CC004681B4 /* cmac.h */,
				C8473CF72A5516CC004681B4 /* ebcdic.h */,
				C8473CF82A5516CC004681B4 /* store.h */,
				C8473CF92A5516CC004681B4 /* idea.h */,
				C8473CFA2A5516CC004681B4 /* lhash.h */,
				C8473CFB2A5516CC004681B4 /* ess.h */,
				C8473CFC2A5516CC004681B4 /* asn1err.h */,
			);
			path = openssl;
			sourceTree = "<group>";
		};
		C8473CFD2A5516CC004681B4 /* lib */ = {
			isa = PBXGroup;
			children = (
				C8473CFE2A5516CC004681B4 /* libcrypto.a */,
				C8473CFF2A5516CC004681B4 /* libssl.a */,
			);
			path = lib;
			sourceTree = "<group>";
		};
		C89FA8932A4F04CE0025A407 = {
			isa = PBXGroup;
			children = (
				C877DCE52A5526A600875C41 /* README.md */,
				C89FA8A72A4F04ED0025A407 /* generate.sh */,
				C89FA92E2A4F1BFC0025A407 /* libPahoC.podspec */,
				C842230D2A52A93A00F145A7 /* gen_ssl.sh */,
				C8473C722A55121B004681B4 /* openssl-3.1.1.tar.gz */,
				C8473C732A5516CC004681B4 /* libssl */,
				C8473C4A2A5456FD004681B4 /* libPahoC */,
				C89FA8A02A4F04E10025A407 /* Products */,
			);
			sourceTree = "<group>";
		};
		C89FA8A02A4F04E10025A407 /* Products */ = {
			isa = PBXGroup;
			children = (
				C89FA9B32A5079690025A407 /* libPahoC.framework */,
			);
			name = Products;
			sourceTree = "<group>";
		};
/* End PBXGroup section */

/* Begin PBXHeadersBuildPhase section */
		C89FA9AE2A5079690025A407 /* Headers */ = {
			isa = PBXHeadersBuildPhase;
			buildActionMask = 2147483647;
			files = (
			);
			runOnlyForDeploymentPostprocessing = 0;
		};
/* End PBXHeadersBuildPhase section */

/* Begin PBXNativeTarget section */
		C89FA9B22A5079690025A407 /* libPahoC */ = {
			isa = PBXNativeTarget;
			buildConfigurationList = C89FA9B72A5079690025A407 /* Build configuration list for PBXNativeTarget "libPahoC" */;
			buildPhases = (
				C89FA9AE2A5079690025A407 /* Headers */,
				C89FA9AF2A5079690025A407 /* Sources */,
				C89FA9B02A5079690025A407 /* Frameworks */,
				C89FA9B12A5079690025A407 /* Resources */,
			);
			buildRules = (
			);
			dependencies = (
			);
			name = libPahoC;
			productName = libPahoC;
			productReference = C89FA9B32A5079690025A407 /* libPahoC.framework */;
			productType = "com.apple.product-type.framework";
		};
/* End PBXNativeTarget section */

/* Begin PBXProject section */
		C89FA8942A4F04CE0025A407 /* Project object */ = {
			isa = PBXProject;
			attributes = {
				BuildIndependentTargetsInParallel = 1;
				LastUpgradeCheck = 1410;
				TargetAttributes = {
					C89FA9B22A5079690025A407 = {
						CreatedOnToolsVersion = 14.1;
					};
				};
			};
			buildConfigurationList = C89FA8972A4F04CE0025A407 /* Build configuration list for PBXProject "libPaho" */;
			compatibilityVersion = "Xcode 14.0";
			developmentRegion = en;
			hasScannedForEncodings = 0;
			knownRegions = (
				en,
				Base,
			);
			mainGroup = C89FA8932A4F04CE0025A407;
			productRefGroup = C89FA8A02A4F04E10025A407 /* Products */;
			projectDirPath = "";
			projectRoot = "";
			targets = (
				C89FA9B22A5079690025A407 /* libPahoC */,
			);
		};
/* End PBXProject section */

/* Begin PBXResourcesBuildPhase section */
		C89FA9B12A5079690025A407 /* Resources */ = {
			isa = PBXResourcesBuildPhase;
			buildActionMask = 2147483647;
			files = (
			);
			runOnlyForDeploymentPostprocessing = 0;
		};
/* End PBXResourcesBuildPhase section */

/* Begin PBXSourcesBuildPhase section */
		C89FA9AF2A5079690025A407 /* Sources */ = {
			isa = PBXSourcesBuildPhase;
			buildActionMask = 2147483647;
			files = (
			);
			runOnlyForDeploymentPostprocessing = 0;
		};
/* End PBXSourcesBuildPhase section */

/* Begin XCBuildConfiguration section */
		C89FA8982A4F04CE0025A407 /* Debug */ = {
			isa = XCBuildConfiguration;
			buildSettings = {
			};
			name = Debug;
		};
		C89FA8992A4F04CE0025A407 /* Release */ = {
			isa = XCBuildConfiguration;
			buildSettings = {
			};
			name = Release;
		};
		C89FA9B82A5079690025A407 /* Debug */ = {
			isa = XCBuildConfiguration;
			buildSettings = {
				ALWAYS_SEARCH_USER_PATHS = NO;
				CLANG_ANALYZER_NONNULL = YES;
				CLANG_ANALYZER_NUMBER_OBJECT_CONVERSION = YES_AGGRESSIVE;
				CLANG_CXX_LANGUAGE_STANDARD = "gnu++20";
				CLANG_ENABLE_MODULES = YES;
				CLANG_ENABLE_OBJC_ARC = YES;
				CLANG_ENABLE_OBJC_WEAK = YES;
				CLANG_WARN_BLOCK_CAPTURE_AUTORELEASING = YES;
				CLANG_WARN_BOOL_CONVERSION = YES;
				CLANG_WARN_COMMA = YES;
				CLANG_WARN_CONSTANT_CONVERSION = YES;
				CLANG_WARN_DEPRECATED_OBJC_IMPLEMENTATIONS = YES;
				CLANG_WARN_DIRECT_OBJC_ISA_USAGE = YES_ERROR;
				CLANG_WARN_DOCUMENTATION_COMMENTS = YES;
				CLANG_WARN_EMPTY_BODY = YES;
				CLANG_WARN_ENUM_CONVERSION = YES;
				CLANG_WARN_INFINITE_RECURSION = YES;
				CLANG_WARN_INT_CONVERSION = YES;
				CLANG_WARN_NON_LITERAL_NULL_CONVERSION = YES;
				CLANG_WARN_OBJC_IMPLICIT_RETAIN_SELF = YES;
				CLANG_WARN_OBJC_LITERAL_CONVERSION = YES;
				CLANG_WARN_OBJC_ROOT_CLASS = YES_ERROR;
				CLANG_WARN_QUOTED_INCLUDE_IN_FRAMEWORK_HEADER = YES;
				CLANG_WARN_RANGE_LOOP_ANALYSIS = YES;
				CLANG_WARN_STRICT_PROTOTYPES = YES;
				CLANG_WARN_SUSPICIOUS_MOVE = YES;
				CLANG_WARN_UNGUARDED_AVAILABILITY = YES_AGGRESSIVE;
				CLANG_WARN_UNREACHABLE_CODE = YES;
				CLANG_WARN__DUPLICATE_METHOD_MATCH = YES;
				CODE_SIGN_STYLE = Automatic;
				COPY_PHASE_STRIP = NO;
				CURRENT_PROJECT_VERSION = 1;
				DEBUG_INFORMATION_FORMAT = dwarf;
				DEFINES_MODULE = YES;
				DEVELOPMENT_TEAM = EHNB49T236;
				DYLIB_COMPATIBILITY_VERSION = 1;
				DYLIB_CURRENT_VERSION = 1;
				DYLIB_INSTALL_NAME_BASE = "@rpath";
				ENABLE_STRICT_OBJC_MSGSEND = YES;
				ENABLE_TESTABILITY = YES;
				GCC_C_LANGUAGE_STANDARD = gnu11;
				GCC_DYNAMIC_NO_PIC = NO;
				GCC_NO_COMMON_BLOCKS = YES;
				GCC_OPTIMIZATION_LEVEL = 0;
				GCC_PREPROCESSOR_DEFINITIONS = (
					"DEBUG=1",
					"$(inherited)",
				);
				GCC_WARN_64_TO_32_BIT_CONVERSION = YES;
				GCC_WARN_ABOUT_RETURN_TYPE = YES_ERROR;
				GCC_WARN_UNDECLARED_SELECTOR = YES;
				GCC_WARN_UNINITIALIZED_AUTOS = YES_AGGRESSIVE;
				GCC_WARN_UNUSED_FUNCTION = YES;
				GCC_WARN_UNUSED_VARIABLE = YES;
				GENERATE_INFOPLIST_FILE = YES;
				INFOPLIST_KEY_NSHumanReadableCopyright = "";
				INSTALL_PATH = "$(LOCAL_LIBRARY_DIR)/Frameworks";
				IPHONEOS_DEPLOYMENT_TARGET = 11.0;
				LD_RUNPATH_SEARCH_PATHS = (
					"@executable_path/Frameworks",
					"@loader_path/Frameworks",
				);
				"LD_RUNPATH_SEARCH_PATHS[sdk=macosx*]" = (
					"@executable_path/../Frameworks",
					"@loader_path/Frameworks",
				);
				LIBRARY_SEARCH_PATHS = (
					"$(inherited)",
					"$(PROJECT_DIR)/libPahoC",
				);
				MACOSX_DEPLOYMENT_TARGET = 10.12;
				MARKETING_VERSION = 1.0;
				MTL_ENABLE_DEBUG_INFO = INCLUDE_SOURCE;
				MTL_FAST_MATH = YES;
				ONLY_ACTIVE_ARCH = YES;
				PRODUCT_BUNDLE_IDENTIFIER = com.auu.libPahoC;
				PRODUCT_NAME = "$(TARGET_NAME:c99extidentifier)";
				SDKROOT = auto;
				SKIP_INSTALL = YES;
				SUPPORTED_PLATFORMS = "iphoneos iphonesimulator macosx";
				SWIFT_ACTIVE_COMPILATION_CONDITIONS = DEBUG;
				SWIFT_EMIT_LOC_STRINGS = YES;
				SWIFT_OPTIMIZATION_LEVEL = "-Onone";
				SWIFT_VERSION = 5.0;
				TARGETED_DEVICE_FAMILY = "1,2";
				VERSIONING_SYSTEM = "apple-generic";
				VERSION_INFO_PREFIX = "";
			};
			name = Debug;
		};
		C89FA9B92A5079690025A407 /* Release */ = {
			isa = XCBuildConfiguration;
			buildSettings = {
				ALWAYS_SEARCH_USER_PATHS = NO;
				CLANG_ANALYZER_NONNULL = YES;
				CLANG_ANALYZER_NUMBER_OBJECT_CONVERSION = YES_AGGRESSIVE;
				CLANG_CXX_LANGUAGE_STANDARD = "gnu++20";
				CLANG_ENABLE_MODULES = YES;
				CLANG_ENABLE_OBJC_ARC = YES;
				CLANG_ENABLE_OBJC_WEAK = YES;
				CLANG_WARN_BLOCK_CAPTURE_AUTORELEASING = YES;
				CLANG_WARN_BOOL_CONVERSION = YES;
				CLANG_WARN_COMMA = YES;
				CLANG_WARN_CONSTANT_CONVERSION = YES;
				CLANG_WARN_DEPRECATED_OBJC_IMPLEMENTATIONS = YES;
				CLANG_WARN_DIRECT_OBJC_ISA_USAGE = YES_ERROR;
				CLANG_WARN_DOCUMENTATION_COMMENTS = YES;
				CLANG_WARN_EMPTY_BODY = YES;
				CLANG_WARN_ENUM_CONVERSION = YES;
				CLANG_WARN_INFINITE_RECURSION = YES;
				CLANG_WARN_INT_CONVERSION = YES;
				CLANG_WARN_NON_LITERAL_NULL_CONVERSION = YES;
				CLANG_WARN_OBJC_IMPLICIT_RETAIN_SELF = YES;
				CLANG_WARN_OBJC_LITERAL_CONVERSION = YES;
				CLANG_WARN_OBJC_ROOT_CLASS = YES_ERROR;
				CLANG_WARN_QUOTED_INCLUDE_IN_FRAMEWORK_HEADER = YES;
				CLANG_WARN_RANGE_LOOP_ANALYSIS = YES;
				CLANG_WARN_STRICT_PROTOTYPES = YES;
				CLANG_WARN_SUSPICIOUS_MOVE = YES;
				CLANG_WARN_UNGUARDED_AVAILABILITY = YES_AGGRESSIVE;
				CLANG_WARN_UNREACHABLE_CODE = YES;
				CLANG_WARN__DUPLICATE_METHOD_MATCH = YES;
				CODE_SIGN_STYLE = Automatic;
				COPY_PHASE_STRIP = NO;
				CURRENT_PROJECT_VERSION = 1;
				DEBUG_INFORMATION_FORMAT = "dwarf-with-dsym";
				DEFINES_MODULE = YES;
				DEVELOPMENT_TEAM = EHNB49T236;
				DYLIB_COMPATIBILITY_VERSION = 1;
				DYLIB_CURRENT_VERSION = 1;
				DYLIB_INSTALL_NAME_BASE = "@rpath";
				ENABLE_NS_ASSERTIONS = NO;
				ENABLE_STRICT_OBJC_MSGSEND = YES;
				GCC_C_LANGUAGE_STANDARD = gnu11;
				GCC_NO_COMMON_BLOCKS = YES;
				GCC_WARN_64_TO_32_BIT_CONVERSION = YES;
				GCC_WARN_ABOUT_RETURN_TYPE = YES_ERROR;
				GCC_WARN_UNDECLARED_SELECTOR = YES;
				GCC_WARN_UNINITIALIZED_AUTOS = YES_AGGRESSIVE;
				GCC_WARN_UNUSED_FUNCTION = YES;
				GCC_WARN_UNUSED_VARIABLE = YES;
				GENERATE_INFOPLIST_FILE = YES;
				INFOPLIST_KEY_NSHumanReadableCopyright = "";
				INSTALL_PATH = "$(LOCAL_LIBRARY_DIR)/Frameworks";
				IPHONEOS_DEPLOYMENT_TARGET = 11.0;
				LD_RUNPATH_SEARCH_PATHS = (
					"@executable_path/Frameworks",
					"@loader_path/Frameworks",
				);
				"LD_RUNPATH_SEARCH_PATHS[sdk=macosx*]" = (
					"@executable_path/../Frameworks",
					"@loader_path/Frameworks",
				);
				LIBRARY_SEARCH_PATHS = (
					"$(inherited)",
					"$(PROJECT_DIR)/libPahoC",
				);
				MACOSX_DEPLOYMENT_TARGET = 10.12;
				MARKETING_VERSION = 1.0;
				MTL_ENABLE_DEBUG_INFO = NO;
				MTL_FAST_MATH = YES;
				PRODUCT_BUNDLE_IDENTIFIER = com.auu.libPahoC;
				PRODUCT_NAME = "$(TARGET_NAME:c99extidentifier)";
				SDKROOT = auto;
				SKIP_INSTALL = YES;
				SUPPORTED_PLATFORMS = "iphoneos iphonesimulator macosx";
				SWIFT_COMPILATION_MODE = wholemodule;
				SWIFT_EMIT_LOC_STRINGS = YES;
				SWIFT_OPTIMIZATION_LEVEL = "-O";
				SWIFT_VERSION = 5.0;
				TARGETED_DEVICE_FAMILY = "1,2";
				VERSIONING_SYSTEM = "apple-generic";
				VERSION_INFO_PREFIX = "";
			};
			name = Release;
		};
/* End XCBuildConfiguration section */

/* Begin XCConfigurationList section */
		C89FA8972A4F04CE0025A407 /* Build configuration list for PBXProject "libPaho" */ = {
			isa = XCConfigurationList;
			buildConfigurations = (
				C89FA8982A4F04CE0025A407 /* Debug */,
				C89FA8992A4F04CE0025A407 /* Release */,
			);
			defaultConfigurationIsVisible = 0;
			defaultConfigurationName = Release;
		};
		C89FA9B72A5079690025A407 /* Build configuration list for PBXNativeTarget "libPahoC" */ = {
			isa = XCConfigurationList;
			buildConfigurations = (
				C89FA9B82A5079690025A407 /* Debug */,
				C89FA9B92A5079690025A407 /* Release */,
			);
			defaultConfigurationIsVisible = 0;
			defaultConfigurationName = Release;
		};
/* End XCConfigurationList section */
	};
	rootObject = C89FA8942A4F04CE0025A407 /* Project object */;
}
